# This file is automatically @generated by Cargo.
# It is not intended for manual editing.
version = 3

[[package]]
name = "cdp"
version = "0.1.0"
dependencies = [
 "rust_fzf",
]

[[package]]
name = "rust_fzf"
version = "0.1.2"
source = "registry+https://github.com/rust-lang/crates.io-index"
checksum = "09edc3791ac59f1c4c161777ff46d65ecf06f3a8a24f6fa21f4fdd76dae52ef6"
